
Microsoft Visual Studio Solution File, Format Version 12.00
# Visual Studio Version 17
VisualStudioVersion = 17.8.34511.84
MinimumVisualStudioVersion = 10.0.40219.1
Project("{FAE04EC0-301F-11D3-BF4B-00C04F79EFBC}") = "DonwloadXMLsS3", "DonwloadXMLsS3\DonwloadXMLsS3.csproj", "{06F09F6F-EA87-49F2-9B63-AD75EC19F426}"
EndProject
Global
	GlobalSection(SolutionConfigurationPlatforms) = preSolution
		Debug|Any CPU = Debug|Any CPU
		Release|Any CPU = Release|Any CPU
	EndGlobalSection
	GlobalSection(ProjectConfigurationPlatforms) = postSolution
		{06F09F6F-EA87-49F2-9B63-AD75EC19F426}.Debug|Any CPU.ActiveCfg = Debug|Any CPU
		{06F09F6F-EA87-49F2-9B63-AD75EC19F426}.Debug|Any CPU.Build.0 = Debug|Any CPU
		{06F09F6F-EA87-49F2-9B63-AD75EC19F426}.Release|Any CPU.ActiveCfg = Release|Any CPU
		{06F09F6F-EA87-49F2-9B63-AD75EC19F426}.Release|Any CPU.Build.0 = Release|Any CPU
	EndGlobalSection
	GlobalSection(SolutionProperties) = preSolution
		HideSolutionNode = FALSE
	EndGlobalSection
	GlobalSection(ExtensibilityGlobals) = postSolution
		SolutionGuid = {5C23BBB2-2B89-4B88-BF65-E0BBC391E2BA}
	EndGlobalSection
EndGlobal
